{
  "name": "self-test",
  "version": "1.0.0",
  "lockfileVersion": 3,
  "requires": true,
  "packages": {
    "": {
      "name": "self-test",
      "version": "1.0.0",
      "license": "ISC",
      "dependencies": {
        "@storyshots/core": "./local/storyshots-core-0.0.1.tgz",
        "@storyshots/manager": "./local/storyshots-manager-0.0.1.tgz",
        "@storyshots/react-preview": "./local/storyshots-react-preview-0.0.1.tgz",
        "@storyshots/webpack-bundler": "./local/storyshots-webpack-bundler-0.0.1.tgz"
      }
    },
    "node_modules/@storyshots/core": {
      "version": "0.0.1",
      "resolved": "file:local/storyshots-core-0.0.1.tgz",
      "integrity": "sha512-LJuh9TgK+ne2oeVeh7nDKQq6Km6V13Oi1i0ugeeWLg6BEdzMdfxq83Yb/gBeFb0l7nQCTcJHQwHq/ov8fs7gJg==",
      "license": "MIT"
    },
    "node_modules/@storyshots/manager": {
      "version": "0.0.1",
      "resolved": "file:local/storyshots-manager-0.0.1.tgz",
      "integrity": "sha512-M8wnabYOmYzwLLDo8feQMBhl+EvvQVLMJ5UT42ogdKHpAXb4iRhXhGbOVqLHb0lvK7nnXVnbB65qMeUVK0TMzw==",
      "license": "MIT"
    },
    "node_modules/@storyshots/react-preview": {
      "version": "0.0.1",
      "resolved": "file:local/storyshots-react-preview-0.0.1.tgz",
      "integrity": "sha512-68LsfpWrA0XEarXh/CXcy8akcwSUJIeeKNrZhCqu2iZo1y3PWe2UiQ4V5TIECw+Lqk4eAPAdymUzrlLR78oplg==",
      "license": "MIT"
    },
    "node_modules/@storyshots/webpack-bundler": {
      "version": "0.0.1",
      "resolved": "file:local/storyshots-webpack-bundler-0.0.1.tgz",
      "integrity": "sha512-sJAJAL2tTXM0YFUlniCCWi4CmrRKqL/60CMzjJvbmwis2z7jLMR4ikc/cnDHqtBw316mMWrASISF81SwcgdMpQ==",
      "license": "MIT"
    }
  }
}
