{
  "name": "self-test",
  "version": "1.0.0",
  "lockfileVersion": 3,
  "requires": true,
  "packages": {
    "": {
      "name": "self-test",
      "version": "1.0.0",
      "license": "ISC",
      "dependencies": {
        "@storyshots/core": "./local/storyshots-core-0.0.1.tgz",
        "@storyshots/manager": "./local/storyshots-manager-0.0.3.tgz",
        "@storyshots/react-preview": "./local/storyshots-react-preview-0.0.2.tgz",
        "@storyshots/webpack-bundler": "./local/storyshots-webpack-bundler-0.0.4.tgz"
      }
    },
    "node_modules/@storyshots/core": {
      "version": "0.0.1",
      "resolved": "file:local/storyshots-core-0.0.1.tgz",
      "integrity": "sha512-LJuh9TgK+ne2oeVeh7nDKQq6Km6V13Oi1i0ugeeWLg6BEdzMdfxq83Yb/gBeFb0l7nQCTcJHQwHq/ov8fs7gJg==",
      "license": "MIT"
    },
    "node_modules/@storyshots/manager": {
      "version": "0.0.3",
      "resolved": "file:local/storyshots-manager-0.0.3.tgz",
      "integrity": "sha512-gW5ZCwvqVjYB1radO3waPROISvsv6xwdfV44rzzwUaDWnV0J82BLifBcbqG5QNj7/y7ET3RASZrmOSc9Dk25oA==",
      "license": "MIT"
    },
    "node_modules/@storyshots/react-preview": {
      "version": "0.0.2",
      "resolved": "file:local/storyshots-react-preview-0.0.2.tgz",
      "integrity": "sha512-YtRYATISwjVzh+H0m39+i7LwZ89Mu+OvuuUMV63v0E/0jIEsJHWplu32sdZ/WBzbWkb3BBUrb/WVOZ8C1osIiw==",
      "license": "MIT"
    },
    "node_modules/@storyshots/webpack-bundler": {
      "version": "0.0.4",
      "resolved": "file:local/storyshots-webpack-bundler-0.0.4.tgz",
      "integrity": "sha512-glc3CZzojTeHz9OSIPViAFssY28n8cMehtKY6OyY3YA5oF08aGsf+zR5yzaa0arVA3jwXDMzmKb28nZAhEY/gQ==",
      "license": "MIT"
    }
  }
}
